
Microsoft Visual Studio Solution File, Format Version 12.00
# Visual Studio Version 17
VisualStudioVersion = 17.3.32929.385
MinimumVisualStudioVersion = 10.0.40219.1
Project("{9A19103F-16F7-4668-BE54-9A1E7A4F7556}") = "MultipartActionResult.WebTest", "test\MultipartActionResult.WebTest\MultipartActionResult.WebTest.csproj", "{DD4B0C28-E292-4E24-BA09-34C8FCBB3D6A}"
EndProject
Project("{9A19103F-16F7-4668-BE54-9A1E7A4F7556}") = "MultipartActionResult", "src\MultipartActionResult\MultipartActionResult.csproj", "{C054D8B0-0BDF-4CAF-BBDB-D0B0778F9ACC}"
EndProject
Project("{9A19103F-16F7-4668-BE54-9A1E7A4F7556}") = "MultipartActionResult.Tests", "test\MultipartActionResult.Tests\MultipartActionResult.Tests.csproj", "{AEF0905B-C534-4382-BCAC-E35A48D9EBB1}"
EndProject
Project("{2150E333-8FDC-42A3-9474-1A3956D46DE8}") = "Solution Items", "Solution Items", "{7ECE7EF2-7D5C-4CA6-815E-0094956800DE}"
	ProjectSection(SolutionItems) = preProject
		Directory.build.props = Directory.build.props
		Directory.packages.props = Directory.packages.props
		LICENSE = LICENSE
		nuget.config = nuget.config
		README.md = README.md
	EndProjectSection
EndProject
Project("{9A19103F-16F7-4668-BE54-9A1E7A4F7556}") = "SampleClient", "test\SampleClient\SampleClient.csproj", "{08B57750-FCB5-4240-A2BE-93436FBFF41E}"
EndProject
Project("{2150E333-8FDC-42A3-9474-1A3956D46DE8}") = "src", "src", "{0E712A81-1298-497D-9106-42620E2DEEFB}"
EndProject
Project("{2150E333-8FDC-42A3-9474-1A3956D46DE8}") = "test", "test", "{07B473AF-C989-4B08-8341-C0686CCEB5CE}"
EndProject
Global
	GlobalSection(SolutionConfigurationPlatforms) = preSolution
		Debug|Any CPU = Debug|Any CPU
		Release|Any CPU = Release|Any CPU
	EndGlobalSection
	GlobalSection(ProjectConfigurationPlatforms) = postSolution
		{DD4B0C28-E292-4E24-BA09-34C8FCBB3D6A}.Debug|Any CPU.ActiveCfg = Debug|Any CPU
		{DD4B0C28-E292-4E24-BA09-34C8FCBB3D6A}.Debug|Any CPU.Build.0 = Debug|Any CPU
		{DD4B0C28-E292-4E24-BA09-34C8FCBB3D6A}.Release|Any CPU.ActiveCfg = Release|Any CPU
		{DD4B0C28-E292-4E24-BA09-34C8FCBB3D6A}.Release|Any CPU.Build.0 = Release|Any CPU
		{C054D8B0-0BDF-4CAF-BBDB-D0B0778F9ACC}.Debug|Any CPU.ActiveCfg = Debug|Any CPU
		{C054D8B0-0BDF-4CAF-BBDB-D0B0778F9ACC}.Debug|Any CPU.Build.0 = Debug|Any CPU
		{C054D8B0-0BDF-4CAF-BBDB-D0B0778F9ACC}.Release|Any CPU.ActiveCfg = Release|Any CPU
		{C054D8B0-0BDF-4CAF-BBDB-D0B0778F9ACC}.Release|Any CPU.Build.0 = Release|Any CPU
		{AEF0905B-C534-4382-BCAC-E35A48D9EBB1}.Debug|Any CPU.ActiveCfg = Debug|Any CPU
		{AEF0905B-C534-4382-BCAC-E35A48D9EBB1}.Debug|Any CPU.Build.0 = Debug|Any CPU
		{AEF0905B-C534-4382-BCAC-E35A48D9EBB1}.Release|Any CPU.ActiveCfg = Release|Any CPU
		{AEF0905B-C534-4382-BCAC-E35A48D9EBB1}.Release|Any CPU.Build.0 = Release|Any CPU
		{08B57750-FCB5-4240-A2BE-93436FBFF41E}.Debug|Any CPU.ActiveCfg = Debug|Any CPU
		{08B57750-FCB5-4240-A2BE-93436FBFF41E}.Debug|Any CPU.Build.0 = Debug|Any CPU
		{08B57750-FCB5-4240-A2BE-93436FBFF41E}.Release|Any CPU.ActiveCfg = Release|Any CPU
		{08B57750-FCB5-4240-A2BE-93436FBFF41E}.Release|Any CPU.Build.0 = Release|Any CPU
	EndGlobalSection
	GlobalSection(SolutionProperties) = preSolution
		HideSolutionNode = FALSE
	EndGlobalSection
	GlobalSection(NestedProjects) = preSolution
		{DD4B0C28-E292-4E24-BA09-34C8FCBB3D6A} = {07B473AF-C989-4B08-8341-C0686CCEB5CE}
		{C054D8B0-0BDF-4CAF-BBDB-D0B0778F9ACC} = {0E712A81-1298-497D-9106-42620E2DEEFB}
		{AEF0905B-C534-4382-BCAC-E35A48D9EBB1} = {07B473AF-C989-4B08-8341-C0686CCEB5CE}
		{08B57750-FCB5-4240-A2BE-93436FBFF41E} = {07B473AF-C989-4B08-8341-C0686CCEB5CE}
	EndGlobalSection
	GlobalSection(ExtensibilityGlobals) = postSolution
		SolutionGuid = {704D5C2A-2D68-4972-8393-D9DB81E1E97B}
	EndGlobalSection
EndGlobal
